
Microsoft Visual Studio Solution File, Format Version 12.00
# Visual Studio Version 17
VisualStudioVersion = 17.3.32922.545
MinimumVisualStudioVersion = 10.0.40219.1
Project("{2150E333-8FDC-42A3-9474-1A3956D46DE8}") = "NewFolder1", "NewFolder1", "{1B4900BD-3E82-4F5D-AA15-ED83CB42DBD0}"
EndProject
Project("{2150E333-8FDC-42A3-9474-1A3956D46DE8}") = "Inventory.Api", "Inventory.Api", "{A03F40F2-2D49-4E88-A74A-5754BD8E436B}"
EndProject
Project("{9A19103F-16F7-4668-BE54-9A1E7A4F7556}") = "Inventory.Api", "Inventory.Api\Inventory.Api.csproj", "{46C338F5-23ED-450D-9410-E3A0F7B6D57E}"
EndProject
Project("{9A19103F-16F7-4668-BE54-9A1E7A4F7556}") = "Inventory.Domain", "Inventory.Domain\Inventory.Domain\Inventory.Domain.csproj", "{E84DAB9B-F7A5-4B2B-8650-B26C4F8B6B75}"
EndProject
Project("{FAE04EC0-301F-11D3-BF4B-00C04F79EFBC}") = "Inventory.Infrastructure", "Inventory.Infrastructure\Inventory.Infrastructure\Inventory.Infrastructure.csproj", "{59A487DB-AF7A-48DE-B1FC-EF866268103D}"
EndProject
Global
	GlobalSection(SolutionConfigurationPlatforms) = preSolution
		Debug|Any CPU = Debug|Any CPU
		Release|Any CPU = Release|Any CPU
	EndGlobalSection
	GlobalSection(ProjectConfigurationPlatforms) = postSolution
		{46C338F5-23ED-450D-9410-E3A0F7B6D57E}.Debug|Any CPU.ActiveCfg = Debug|Any CPU
		{46C338F5-23ED-450D-9410-E3A0F7B6D57E}.Debug|Any CPU.Build.0 = Debug|Any CPU
		{46C338F5-23ED-450D-9410-E3A0F7B6D57E}.Release|Any CPU.ActiveCfg = Release|Any CPU
		{46C338F5-23ED-450D-9410-E3A0F7B6D57E}.Release|Any CPU.Build.0 = Release|Any CPU
		{E84DAB9B-F7A5-4B2B-8650-B26C4F8B6B75}.Debug|Any CPU.ActiveCfg = Debug|Any CPU
		{E84DAB9B-F7A5-4B2B-8650-B26C4F8B6B75}.Debug|Any CPU.Build.0 = Debug|Any CPU
		{E84DAB9B-F7A5-4B2B-8650-B26C4F8B6B75}.Release|Any CPU.ActiveCfg = Release|Any CPU
		{E84DAB9B-F7A5-4B2B-8650-B26C4F8B6B75}.Release|Any CPU.Build.0 = Release|Any CPU
		{59A487DB-AF7A-48DE-B1FC-EF866268103D}.Debug|Any CPU.ActiveCfg = Debug|Any CPU
		{59A487DB-AF7A-48DE-B1FC-EF866268103D}.Debug|Any CPU.Build.0 = Debug|Any CPU
		{59A487DB-AF7A-48DE-B1FC-EF866268103D}.Release|Any CPU.ActiveCfg = Release|Any CPU
		{59A487DB-AF7A-48DE-B1FC-EF866268103D}.Release|Any CPU.Build.0 = Release|Any CPU
	EndGlobalSection
	GlobalSection(SolutionProperties) = preSolution
		HideSolutionNode = FALSE
	EndGlobalSection
	GlobalSection(NestedProjects) = preSolution
		{46C338F5-23ED-450D-9410-E3A0F7B6D57E} = {A03F40F2-2D49-4E88-A74A-5754BD8E436B}
		{E84DAB9B-F7A5-4B2B-8650-B26C4F8B6B75} = {A03F40F2-2D49-4E88-A74A-5754BD8E436B}
		{59A487DB-AF7A-48DE-B1FC-EF866268103D} = {A03F40F2-2D49-4E88-A74A-5754BD8E436B}
	EndGlobalSection
	GlobalSection(ExtensibilityGlobals) = postSolution
		SolutionGuid = {209D2E07-0986-4FFD-B189-D620A3F6A9E0}
	EndGlobalSection
EndGlobal
